
Microsoft Visual Studio Solution File, Format Version 12.00
Project("{FAE04EC0-301F-11D3-BF4B-00C04F79EFBC}") = "VizibicikliKolcsonzo", "VizibicikliKolcsonzo\VizibicikliKolcsonzo.csproj", "{3DBE7E83-843A-4816-B693-C851C940BD7E}"
EndProject
Project("{FAE04EC0-301F-11D3-BF4B-00C04F79EFBC}") = "Jackie", "Jackie\Jackie.csproj", "{780C7D15-4525-48B6-A5CA-1A390040F84B}"
EndProject
Global
	GlobalSection(SolutionConfigurationPlatforms) = preSolution
		Debug|Any CPU = Debug|Any CPU
		Release|Any CPU = Release|Any CPU
	EndGlobalSection
	GlobalSection(ProjectConfigurationPlatforms) = postSolution
		{3DBE7E83-843A-4816-B693-C851C940BD7E}.Debug|Any CPU.ActiveCfg = Debug|Any CPU
		{3DBE7E83-843A-4816-B693-C851C940BD7E}.Debug|Any CPU.Build.0 = Debug|Any CPU
		{3DBE7E83-843A-4816-B693-C851C940BD7E}.Release|Any CPU.ActiveCfg = Release|Any CPU
		{3DBE7E83-843A-4816-B693-C851C940BD7E}.Release|Any CPU.Build.0 = Release|Any CPU
		{780C7D15-4525-48B6-A5CA-1A390040F84B}.Debug|Any CPU.ActiveCfg = Debug|Any CPU
		{780C7D15-4525-48B6-A5CA-1A390040F84B}.Debug|Any CPU.Build.0 = Debug|Any CPU
		{780C7D15-4525-48B6-A5CA-1A390040F84B}.Release|Any CPU.ActiveCfg = Release|Any CPU
		{780C7D15-4525-48B6-A5CA-1A390040F84B}.Release|Any CPU.Build.0 = Release|Any CPU
	EndGlobalSection
EndGlobal
